
Microsoft Visual Studio Solution File, Format Version 12.00
# Visual Studio Version 17
VisualStudioVersion = 17.4.33403.182
MinimumVisualStudioVersion = 10.0.40219.1
Project("{9A19103F-16F7-4668-BE54-9A1E7A4F7556}") = "PruebasCore", "PruebasCore\PruebasCore.csproj", "{323489D0-E063-4B69-BCC0-93D41CC98AA4}"
EndProject
Global
	GlobalSection(SolutionConfigurationPlatforms) = preSolution
		Debug|Any CPU = Debug|Any CPU
		Release|Any CPU = Release|Any CPU
	EndGlobalSection
	GlobalSection(ProjectConfigurationPlatforms) = postSolution
		{323489D0-E063-4B69-BCC0-93D41CC98AA4}.Debug|Any CPU.ActiveCfg = Debug|Any CPU
		{323489D0-E063-4B69-BCC0-93D41CC98AA4}.Debug|Any CPU.Build.0 = Debug|Any CPU
		{323489D0-E063-4B69-BCC0-93D41CC98AA4}.Release|Any CPU.ActiveCfg = Release|Any CPU
		{323489D0-E063-4B69-BCC0-93D41CC98AA4}.Release|Any CPU.Build.0 = Release|Any CPU
	EndGlobalSection
	GlobalSection(SolutionProperties) = preSolution
		HideSolutionNode = FALSE
	EndGlobalSection
	GlobalSection(ExtensibilityGlobals) = postSolution
		SolutionGuid = {9518F9B5-8389-4F70-8FF4-DEFCB667B574}
	EndGlobalSection
EndGlobal
